PODS:
  - Alamofire (5.4.3)
  - CNIOAtomics (2.30.0)
  - CNIOBoringSSL (2.14.0)
  - CNIOBoringSSLShims (2.14.0):
    - CNIOBoringSSL (= 2.14.0)
  - CNIODarwin (2.30.0)
  - CNIOHTTPParser (2.30.0)
  - CNIOLinux (2.30.0)
  - CNIOSHA1 (2.30.0)
  - CNIOWindows (2.30.0)
  - GRDB.swift (5.9.0):
    - GRDB.swift/standard (= 5.9.0)
  - GRDB.swift/standard (5.9.0)
  - HsToolKit.swift (1.3.0):
    - Alamofire (~> 5.0)
    - ObjectMapper (~> 4.0)
    - RxSwift (~> 5.0)
    - SwiftNIOFoundationCompat
    - SwiftNIOSSL
    - SwiftNIOWebSocket
  - MarketKit.swift (0.1.0):
    - GRDB.swift (~> 5.0)
    - HsToolKit.swift (~> 1.1)
    - ObjectMapper (~> 4.0)
    - RxRelay (~> 5.0)
    - RxSwift (~> 5.0)
  - ObjectMapper (4.2.0)
  - RxRelay (5.1.3):
    - RxSwift (~> 5)
  - RxSwift (5.1.3)
  - SnapKit (5.0.1)
  - SwiftNIO (2.30.0):
    - CNIODarwin (= 2.30.0)
    - CNIOLinux (= 2.30.0)
    - CNIOWindows (= 2.30.0)
    - SwiftNIOConcurrencyHelpers (= 2.30.0)
  - SwiftNIOConcurrencyHelpers (2.30.0):
    - CNIOAtomics (= 2.30.0)
  - SwiftNIOFoundationCompat (2.30.0):
    - SwiftNIO (= 2.30.0)
  - SwiftNIOHTTP1 (2.30.0):
    - CNIOHTTPParser (= 2.30.0)
    - SwiftNIO (= 2.30.0)
    - SwiftNIOConcurrencyHelpers (= 2.30.0)
  - SwiftNIOSSL (2.14.0):
    - CNIOBoringSSL (= 2.14.0)
    - CNIOBoringSSLShims (= 2.14.0)
    - SwiftNIO (< 3, >= 2.30.0)
    - SwiftNIOConcurrencyHelpers (< 3, >= 2.30.0)
    - SwiftNIOTLS (< 3, >= 2.30.0)
  - SwiftNIOTLS (2.30.0):
    - SwiftNIO (= 2.30.0)
  - SwiftNIOWebSocket (2.30.0):
    - CNIOSHA1 (= 2.30.0)
    - SwiftNIO (= 2.30.0)
    - SwiftNIOHTTP1 (= 2.30.0)

DEPENDENCIES:
  - HsToolKit.swift (from `https://github.com/horizontalsystems/hs-tool-kit-ios`)
  - MarketKit.swift (from `../`)
  - SnapKit

SPEC REPOS:
  trunk:
    - Alamofire
    - CNIOAtomics
    - CNIOBoringSSL
    - CNIOBoringSSLShims
    - CNIODarwin
    - CNIOHTTPParser
    - CNIOLinux
    - CNIOSHA1
    - CNIOWindows
    - GRDB.swift
    - ObjectMapper
    - RxRelay
    - RxSwift
    - SnapKit
    - SwiftNIO
    - SwiftNIOConcurrencyHelpers
    - SwiftNIOFoundationCompat
    - SwiftNIOHTTP1
    - SwiftNIOSSL
    - SwiftNIOTLS
    - SwiftNIOWebSocket

EXTERNAL SOURCES:
  HsToolKit.swift:
    :git: https://github.com/horizontalsystems/hs-tool-kit-ios
  MarketKit.swift:
    :path: "../"

CHECKOUT OPTIONS:
  HsToolKit.swift:
    :commit: d5dbe4acbc5fc6fc16fefcc96f1affb4d7f91b61
    :git: https://github.com/horizontalsystems/hs-tool-kit-ios

SPEC CHECKSUMS:
  Alamofire: e447a2774a40c996748296fa2c55112fdbbc42f9
  CNIOAtomics: ab79c239d46f3a330eef44aa3f2f86a25dbba3c2
  CNIOBoringSSL: f3b67841fc3aefe1154f1b4232f4ac7a922d16dc
  CNIOBoringSSLShims: 95b5c4ddd4a443fb61393c3dd60671901a18b40c
  CNIODarwin: b0645cd841ad8ac7b909095dcf82ca177a20105a
  CNIOHTTPParser: 4b760a40a95a9cdf0745d42cbc43f460645cac24
  CNIOLinux: e4def3bc8b0c9e7fbf4c3c85f3797be00177399e
  CNIOSHA1: 1d0feb2143a6ae2cd903662de9206be80f3a52a1
  CNIOWindows: 8f14a2ec959cd0fd6ee102384ca4d09b1cff9b4e
  GRDB.swift: ff730d72aac9ce0123138d77cc7e0331b3c8b148
  HsToolKit.swift: 88f5c25dcf2b6fde2370f0125a8864782fbb3d90
  MarketKit.swift: ac243d060c28dd65db49d667029e223e7f73679d
  ObjectMapper: 1eb41f610210777375fa806bf161dc39fb832b81
  RxRelay: 5a18c2eb2d68326ebaf0112f80d837ae41b92b97
  RxSwift: 915abbdfb62214aa89ccd0b194d44fb478019b27
  SnapKit: 97b92857e3df3a0c71833cce143274bf6ef8e5eb
  SwiftNIO: f8ba4a53a934bf5ef6cd84ba9133903c9c760874
  SwiftNIOConcurrencyHelpers: 8b2657b5574ff83b8d82377d410e9272e0e16c79
  SwiftNIOFoundationCompat: a04ab889162baea339109971a39ac1b485efaaa1
  SwiftNIOHTTP1: 05e35ba2884ceba1e6aac432e9d8836a44b21679
  SwiftNIOSSL: 44ca606052bda37aa92cd70b3790f2fa9cb60ecd
  SwiftNIOTLS: e0d5eafb783309ec96d05877846e7fca080d8371
  SwiftNIOWebSocket: 1833814bfe400c80f5a2205253a4baef84e71179

PODFILE CHECKSUM: 9f0defbe4b717380a15d04597f0350157d3853d0

COCOAPODS: 1.10.2
